
Microsoft Visual Studio Solution File, Format Version 12.00
# Visual Studio Version 17
VisualStudioVersion = 17.9.34723.18
MinimumVisualStudioVersion = 10.0.40219.1
Project("{FAE04EC0-301F-11D3-BF4B-00C04F79EFBC}") = "NorthwindDwh.ConceptualModel", "NorthwindDwh.ConceptualModel\NorthwindDwh.ConceptualModel.csproj", "{60A735A6-5985-4BF2-B1C8-DD4B6967885D}"
EndProject
Project("{C9674DCB-5085-4A16-B785-4C70DD1589BD}") = "NorthwindLoadDwh.LoadDwhNorthwind", "NorthwindLoadDwh.LoadDwhNorthwind\NorthwindLoadDwh.LoadDwhNorthwind.dtproj", "{BB536647-3537-427D-ABD0-648670FA4C5B}"
EndProject
Global
	GlobalSection(SolutionConfigurationPlatforms) = preSolution
		Debug|Any CPU = Debug|Any CPU
		Development|Any CPU = Development|Any CPU
		Release|Any CPU = Release|Any CPU
	EndGlobalSection
	GlobalSection(ProjectConfigurationPlatforms) = postSolution
		{60A735A6-5985-4BF2-B1C8-DD4B6967885D}.Debug|Any CPU.ActiveCfg = Debug|Any CPU
		{60A735A6-5985-4BF2-B1C8-DD4B6967885D}.Debug|Any CPU.Build.0 = Debug|Any CPU
		{60A735A6-5985-4BF2-B1C8-DD4B6967885D}.Development|Any CPU.ActiveCfg = Debug|Any CPU
		{60A735A6-5985-4BF2-B1C8-DD4B6967885D}.Development|Any CPU.Build.0 = Debug|Any CPU
		{60A735A6-5985-4BF2-B1C8-DD4B6967885D}.Release|Any CPU.ActiveCfg = Release|Any CPU
		{60A735A6-5985-4BF2-B1C8-DD4B6967885D}.Release|Any CPU.Build.0 = Release|Any CPU
		{BB536647-3537-427D-ABD0-648670FA4C5B}.Debug|Any CPU.ActiveCfg = Development
		{BB536647-3537-427D-ABD0-648670FA4C5B}.Debug|Any CPU.Build.0 = Development
		{BB536647-3537-427D-ABD0-648670FA4C5B}.Development|Any CPU.ActiveCfg = Development
		{BB536647-3537-427D-ABD0-648670FA4C5B}.Development|Any CPU.Build.0 = Development
		{BB536647-3537-427D-ABD0-648670FA4C5B}.Release|Any CPU.ActiveCfg = Development
		{BB536647-3537-427D-ABD0-648670FA4C5B}.Release|Any CPU.Build.0 = Development
	EndGlobalSection
	GlobalSection(SolutionProperties) = preSolution
		HideSolutionNode = FALSE
	EndGlobalSection
	GlobalSection(ExtensibilityGlobals) = postSolution
		SolutionGuid = {FFCDAAA0-AF3B-491A-A5E7-955C5B32CA08}
	EndGlobalSection
EndGlobal
